
Microsoft Visual Studio Solution File, Format Version 12.00
# Visual Studio Version 16
VisualStudioVersion = 25.0.1706.7
MinimumVisualStudioVersion = 10.0.40219.1
Project("{FAE04EC0-301F-11D3-BF4B-00C04F79EFBC}") = "ORMExercise", "ORMExercise\ORMExercise.csproj", "{3C954953-24BE-4671-BD80-A13318E1DD75}"
EndProject
Global
	GlobalSection(SolutionConfigurationPlatforms) = preSolution
		Debug|Any CPU = Debug|Any CPU
		Release|Any CPU = Release|Any CPU
	EndGlobalSection
	GlobalSection(ProjectConfigurationPlatforms) = postSolution
		{3C954953-24BE-4671-BD80-A13318E1DD75}.Debug|Any CPU.ActiveCfg = Debug|Any CPU
		{3C954953-24BE-4671-BD80-A13318E1DD75}.Debug|Any CPU.Build.0 = Debug|Any CPU
		{3C954953-24BE-4671-BD80-A13318E1DD75}.Release|Any CPU.ActiveCfg = Release|Any CPU
		{3C954953-24BE-4671-BD80-A13318E1DD75}.Release|Any CPU.Build.0 = Release|Any CPU
	EndGlobalSection
	GlobalSection(SolutionProperties) = preSolution
		HideSolutionNode = FALSE
	EndGlobalSection
	GlobalSection(ExtensibilityGlobals) = postSolution
		SolutionGuid = {1E54DD8D-E62A-4F3D-A40E-0BA0BF09D13E}
	EndGlobalSection
EndGlobal
